{
  "name": "google-genai-samples",
  "version": "1.0.0",
  "lockfileVersion": 3,
  "requires": true,
  "packages": {
    "": {
      "name": "google-genai-samples",
      "version": "1.0.0",
      "license": "Apache-2.0",
      "dependencies": {
        "@google/genai": "file:.."
      }
    },
    "..": {
      "name": "@google/genai",
      "version": "0.1.0",
      "license": "Apache-2.0",
      "dependencies": {
        "google-auth-library": "^9.14.2",
        "ws": "^8.18.0"
      },
      "devDependencies": {
        "@eslint/js": "9.20.0",
        "@microsoft/api-extractor": "^7.50.1",
        "@rollup/plugin-json": "^6.1.0",
        "@types/jasmine": "^5.1.2",
        "@types/node": "^20.9.0",
        "@types/unist": "^3.0.3",
        "@types/ws": "^8.5.14",
        "eslint": "8.57.0",
        "gts": "^5.2.0",
        "jasmine": "^5.5.0",
        "jasmine-reporters": "^2.4.0",
        "nyc": "^17.1.0",
        "prettier": "3.3.3",
        "prettier-plugin-organize-imports": "^4.1.0",
        "rollup-plugin-typescript2": "^0.36.0",
        "ts-node": "^10.9.2",
        "tslib": "^2.8.1",
        "typedoc": "^0.27.0",
        "typescript": "~5.2.0",
        "typescript-eslint": "8.24.1"
      },
      "engines": {
        "node": ">=18.0.0"
      }
    },
    "node_modules/@google/genai": {
      "resolved": "..",
      "link": true
    }
  }
}
